
Microsoft Visual Studio Solution File, Format Version 12.00
# Visual Studio 15
VisualStudioVersion = 15.0.28307.645
MinimumVisualStudioVersion = 10.0.40219.1
Project("{FAE04EC0-301F-11D3-BF4B-00C04F79EFBC}") = "Data Access with LINQ", "Data Access with LINQ\Data Access with LINQ.csproj", "{EB03483F-39C2-49C0-B470-FD382F230FE0}"
EndProject
Global
	GlobalSection(SolutionConfigurationPlatforms) = preSolution
		Debug|Any CPU = Debug|Any CPU
		Release|Any CPU = Release|Any CPU
	EndGlobalSection
	GlobalSection(ProjectConfigurationPlatforms) = postSolution
		{EB03483F-39C2-49C0-B470-FD382F230FE0}.Debug|Any CPU.ActiveCfg = Debug|Any CPU
		{EB03483F-39C2-49C0-B470-FD382F230FE0}.Debug|Any CPU.Build.0 = Debug|Any CPU
		{EB03483F-39C2-49C0-B470-FD382F230FE0}.Release|Any CPU.ActiveCfg = Release|Any CPU
		{EB03483F-39C2-49C0-B470-FD382F230FE0}.Release|Any CPU.Build.0 = Release|Any CPU
	EndGlobalSection
	GlobalSection(SolutionProperties) = preSolution
		HideSolutionNode = FALSE
	EndGlobalSection
	GlobalSection(ExtensibilityGlobals) = postSolution
		SolutionGuid = {F4F2433B-11D2-4581-B4E1-D42F9D3E2EEA}
	EndGlobalSection
EndGlobal
